{
  "name": "RocketMoonCoins-UIUX-Project",
  "lockfileVersion": 2,
  "requires": true,
  "packages": {
    "": {
      "dependencies": {
        "@splidejs/react-splide": "^0.7.8",
        "classnames": "^2.3.1"
      }
    },
    "node_modules/@splidejs/react-splide": {
      "version": "0.7.8",
      "resolved": "https://registry.npmjs.org/@splidejs/react-splide/-/react-splide-0.7.8.tgz",
      "integrity": "sha512-zXBIsa8v3h9iv8KKxEdbN+RveJKQU/VE7Iev9GoXiFxnCzN/luyySsF1FZz/lYw9B+eWiLXehOBcWLzLo+05ng==",
      "dependencies": {
        "@splidejs/splide": "^4.0.7"
      }
    },
    "node_modules/@splidejs/splide": {
      "version": "4.0.7",
      "resolved": "https://registry.npmjs.org/@splidejs/splide/-/splide-4.0.7.tgz",
      "integrity": "sha512-aJAOGJN2lwjwou3mxQofc3uhe+RXpw9in0WfysFX7AMT/mj7wSqoetfm41s7J8jU6FJ3ZWaLYgSJIpBAQ5wyqw=="
    },
    "node_modules/classnames": {
      "version": "2.3.1",
      "resolved": "https://registry.npmjs.org/classnames/-/classnames-2.3.1.tgz",
      "integrity": "sha512-OlQdbZ7gLfGarSqxesMesDa5uz7KFbID8Kpq/SxIoNGDqY8lSYs0D+hhtBXhcdB3rcbXArFr7vlHheLk1voeNA=="
    }
  },
  "dependencies": {
    "@splidejs/react-splide": {
      "version": "0.7.8",
      "resolved": "https://registry.npmjs.org/@splidejs/react-splide/-/react-splide-0.7.8.tgz",
      "integrity": "sha512-zXBIsa8v3h9iv8KKxEdbN+RveJKQU/VE7Iev9GoXiFxnCzN/luyySsF1FZz/lYw9B+eWiLXehOBcWLzLo+05ng==",
      "requires": {
        "@splidejs/splide": "^4.0.7"
      }
    },
    "@splidejs/splide": {
      "version": "4.0.7",
      "resolved": "https://registry.npmjs.org/@splidejs/splide/-/splide-4.0.7.tgz",
      "integrity": "sha512-aJAOGJN2lwjwou3mxQofc3uhe+RXpw9in0WfysFX7AMT/mj7wSqoetfm41s7J8jU6FJ3ZWaLYgSJIpBAQ5wyqw=="
    },
    "classnames": {
      "version": "2.3.1",
      "resolved": "https://registry.npmjs.org/classnames/-/classnames-2.3.1.tgz",
      "integrity": "sha512-OlQdbZ7gLfGarSqxesMesDa5uz7KFbID8Kpq/SxIoNGDqY8lSYs0D+hhtBXhcdB3rcbXArFr7vlHheLk1voeNA=="
    }
  }
}
